# AUTO GENERATED FROM environment.py-2.7.yml, DO NOT MANUALLY MODIFY
# Frozen on 2022-09-13 07:47:37 UTC
# Generated by conda-lock.
# platform: linux-64
# input_hash: 71012f0be3d6f8b3646bc990949edca0fc540de174ce7d1d3d10dc8547ebdf23
@EXPLICIT
https://conda.anaconda.org/conda-forge/linux-64/_libgcc_mutex-0.1-conda_forge.tar.bz2#d7c89558ba9fa0495403155b64376d81
https://conda.anaconda.org/conda-forge/linux-64/ca-certificates-2022.6.15.1-ha878542_0.tar.bz2#2be128ae4d5e44803720d43644ce3e3e
https://conda.anaconda.org/conda-forge/linux-64/ld_impl_linux-64-2.36.1-hea4e1c9_2.tar.bz2#bd4f2e711b39af170e7ff15163fe87ee
https://conda.anaconda.org/conda-forge/linux-64/libstdcxx-ng-12.1.0-ha89aaad_16.tar.bz2#6f5ba041a41eb102a1027d9e68731be7
https://conda.anaconda.org/conda-forge/linux-64/libgomp-12.1.0-h8d9b700_16.tar.bz2#f013cf7749536ce43d82afbffdf499ab
https://conda.anaconda.org/conda-forge/linux-64/_openmp_mutex-4.5-2_gnu.tar.bz2#73aaf86a425cc6e73fcf236a5a46396d
https://conda.anaconda.org/conda-forge/linux-64/libgcc-ng-12.1.0-h8d9b700_16.tar.bz2#4f05bc9844f7c101e6e147dab3c88d5c
https://conda.anaconda.org/conda-forge/linux-64/libffi-3.2.1-he1b5a44_1007.tar.bz2#11389072d7d6036fd811c3d9460475cd
https://conda.anaconda.org/conda-forge/linux-64/libzlib-1.2.12-h166bdaf_3.tar.bz2#29b2d63b0e21b765da0418bc452538c9
https://conda.anaconda.org/conda-forge/linux-64/ncurses-6.3-h27087fc_1.tar.bz2#4acfc691e64342b9dae57cf2adc63238
https://conda.anaconda.org/conda-forge/linux-64/openssl-1.1.1q-h166bdaf_0.tar.bz2#07acc367c7fc8b716770cd5b36d31717
https://conda.anaconda.org/conda-forge/linux-64/libsqlite-3.39.3-h753d276_0.tar.bz2#ccb2457c73609f2622b8a4b3e42e5d8b
https://conda.anaconda.org/conda-forge/linux-64/readline-8.1.2-h0f457ee_0.tar.bz2#db2ebbe2943aae81ed051a6a9af8e0fa
https://conda.anaconda.org/conda-forge/linux-64/tk-8.6.12-h27826a3_0.tar.bz2#5b8c42eb62e9fc961af70bdd6a26e168
https://conda.anaconda.org/conda-forge/linux-64/zlib-1.2.12-h166bdaf_3.tar.bz2#76c717057865201aa2d24b79315645bb
https://conda.anaconda.org/conda-forge/linux-64/sqlite-3.39.3-h4ff8645_0.tar.bz2#f03cf4ec974e32b6c5d349f62637e36e
https://conda.anaconda.org/conda-forge/linux-64/python-2.7.15-h5a48372_1011_cpython.tar.bz2#d1824ac0987155f58a03b7ffda01db38
https://conda.anaconda.org/conda-forge/linux-64/python_abi-2.7-1_cp27mu.tar.bz2#02d6ad6bce3a798e6ee85494cd9b3d8d
